
Microsoft Visual Studio Solution File, Format Version 12.00
# Visual Studio Version 16
VisualStudioVersion = 16.0.30413.136
MinimumVisualStudioVersion = 10.0.40219.1
Project("{FAE04EC0-301F-11D3-BF4B-00C04F79EFBC}") = "Imagen", "Imagen\Imagen.csproj", "{1AFF7B67-F3F4-45B1-A37A-C8D97F43BAFF}"
EndProject
Global
	GlobalSection(SolutionConfigurationPlatforms) = preSolution
		Debug|Any CPU = Debug|Any CPU
		Release|Any CPU = Release|Any CPU
	EndGlobalSection
	GlobalSection(ProjectConfigurationPlatforms) = postSolution
		{1AFF7B67-F3F4-45B1-A37A-C8D97F43BAFF}.Debug|Any CPU.ActiveCfg = Debug|Any CPU
		{1AFF7B67-F3F4-45B1-A37A-C8D97F43BAFF}.Debug|Any CPU.Build.0 = Debug|Any CPU
		{1AFF7B67-F3F4-45B1-A37A-C8D97F43BAFF}.Release|Any CPU.ActiveCfg = Release|Any CPU
		{1AFF7B67-F3F4-45B1-A37A-C8D97F43BAFF}.Release|Any CPU.Build.0 = Release|Any CPU
	EndGlobalSection
	GlobalSection(SolutionProperties) = preSolution
		HideSolutionNode = FALSE
	EndGlobalSection
	GlobalSection(ExtensibilityGlobals) = postSolution
		SolutionGuid = {ABF2AC12-BA44-4F76-A511-EBB664093423}
	EndGlobalSection
EndGlobal
